
Microsoft Visual Studio Solution File, Format Version 12.00
# Visual Studio Version 17
VisualStudioVersion = 17.7.34009.444
MinimumVisualStudioVersion = 10.0.40219.1
Project("{FAE04EC0-301F-11D3-BF4B-00C04F79EFBC}") = "foodie-lion-api", "foodie-lion-api.csproj", "{B9A29D35-6F29-46C5-95E2-27F113136C93}"
EndProject
Global
	GlobalSection(SolutionConfigurationPlatforms) = preSolution
		Debug|Any CPU = Debug|Any CPU
		Release|Any CPU = Release|Any CPU
	EndGlobalSection
	GlobalSection(ProjectConfigurationPlatforms) = postSolution
		{B9A29D35-6F29-46C5-95E2-27F113136C93}.Debug|Any CPU.ActiveCfg = Debug|Any CPU
		{B9A29D35-6F29-46C5-95E2-27F113136C93}.Debug|Any CPU.Build.0 = Debug|Any CPU
		{B9A29D35-6F29-46C5-95E2-27F113136C93}.Release|Any CPU.ActiveCfg = Release|Any CPU
		{B9A29D35-6F29-46C5-95E2-27F113136C93}.Release|Any CPU.Build.0 = Release|Any CPU
	EndGlobalSection
	GlobalSection(SolutionProperties) = preSolution
		HideSolutionNode = FALSE
	EndGlobalSection
	GlobalSection(ExtensibilityGlobals) = postSolution
		SolutionGuid = {87A0A016-D37A-43C0-93CD-7399CDA2A74F}
	EndGlobalSection
EndGlobal
